// !$*UTF8*$!
{
	archiveVersion = 1;
	classes = {
	};
	objectVersion = 55;
	objects = {

/* Begin PBXBuildFile section */
		05FC31698C731C8D52BBE14B /* Pods_InstagramTests.framework in Frameworks */ = {isa = PBXBuildFile; fileRef = A21851E3914A4B43F1F4156F /* Pods_InstagramTests.framework */; };
		5EE1BE70B1C78E378715A2BC /* Pods_Instagram.framework in Frameworks */ = {isa = PBXBuildFile; fileRef = 646FD5C3F8251B90D148099D /* Pods_Instagram.framework */; };
		6137D146278BED7900520799 /* DatabaseManager.swift in Sources */ = {isa = PBXBuildFile; fileRef = 6137D145278BED7900520799 /* DatabaseManager.swift */; };
		6137D148278BEE2200520799 /* AuthManager.swift in Sources */ = {isa = PBXBuildFile; fileRef = 6137D147278BEE2200520799 /* AuthManager.swift */; };
		61986DB7278BEF0B004F751A /* StorageManager.swift in Sources */ = {isa = PBXBuildFile; fileRef = 61986DB6278BEF0B004F751A /* StorageManager.swift */; };
		61986DB9278BF551004F751A /* Extensions.swift in Sources */ = {isa = PBXBuildFile; fileRef = 61986DB8278BF551004F751A /* Extensions.swift */; };
		61F3BAC1278BCE5B00D6DBD1 /* AppDelegate.swift in Sources */ = {isa = PBXBuildFile; fileRef = 61F3BAC0278BCE5B00D6DBD1 /* AppDelegate.swift */; };
		61F3BAC3278BCE5B00D6DBD1 /* SceneDelegate.swift in Sources */ = {isa = PBXBuildFile; fileRef = 61F3BAC2278BCE5B00D6DBD1 /* SceneDelegate.swift */; };
		61F3BAC5278BCE5B00D6DBD1 /* HomeViewController.swift in Sources */ = {isa = PBXBuildFile; fileRef = 61F3BAC4278BCE5B00D6DBD1 /* HomeViewController.swift */; };
		61F3BAC8278BCE5B00D6DBD1 /* Main.storyboard in Resources */ = {isa = PBXBuildFile; fileRef = 61F3BAC6278BCE5B00D6DBD1 /* Main.storyboard */; };
		61F3BACA278BCE5E00D6DBD1 /* Assets.xcassets in Resources */ = {isa = PBXBuildFile; fileRef = 61F3BAC9278BCE5E00D6DBD1 /* Assets.xcassets */; };
		61F3BACD278BCE5E00D6DBD1 /* LaunchScreen.storyboard in Resources */ = {isa = PBXBuildFile; fileRef = 61F3BACB278BCE5E00D6DBD1 /* LaunchScreen.storyboard */; };
		61F3BAD8278BCE5E00D6DBD1 /* InstagramTests.swift in Sources */ = {isa = PBXBuildFile; fileRef = 61F3BAD7278BCE5E00D6DBD1 /* InstagramTests.swift */; };
		61F3BAE2278BCE5E00D6DBD1 /* InstagramUITests.swift in Sources */ = {isa = PBXBuildFile; fileRef = 61F3BAE1278BCE5E00D6DBD1 /* InstagramUITests.swift */; };
		61F3BAE4278BCE5E00D6DBD1 /* InstagramUITestsLaunchTests.swift in Sources */ = {isa = PBXBuildFile; fileRef = 61F3BAE3278BCE5E00D6DBD1 /* InstagramUITestsLaunchTests.swift */; };
		61F3BAF6278BD18700D6DBD1 /* ExploreViewController.swift in Sources */ = {isa = PBXBuildFile; fileRef = 61F3BAF5278BD18700D6DBD1 /* ExploreViewController.swift */; };
		61F3BAF8278BD19600D6DBD1 /* CameraViewController.swift in Sources */ = {isa = PBXBuildFile; fileRef = 61F3BAF7278BD19600D6DBD1 /* CameraViewController.swift */; };
		61F3BAFA278BD1AB00D6DBD1 /* NotificationsViewController.swift in Sources */ = {isa = PBXBuildFile; fileRef = 61F3BAF9278BD1AB00D6DBD1 /* NotificationsViewController.swift */; };
		61F3BAFC278BD1B800D6DBD1 /* ProfileViewController.swift in Sources */ = {isa = PBXBuildFile; fileRef = 61F3BAFB278BD1B800D6DBD1 /* ProfileViewController.swift */; };
		61F3BB01278BD23B00D6DBD1 /* LoginViewController.swift in Sources */ = {isa = PBXBuildFile; fileRef = 61F3BB00278BD23B00D6DBD1 /* LoginViewController.swift */; };
		61F3BB03278BD24E00D6DBD1 /* RegistrationViewController.swift in Sources */ = {isa = PBXBuildFile; fileRef = 61F3BB02278BD24E00D6DBD1 /* RegistrationViewController.swift */; };
		61F3BB05278BD27A00D6DBD1 /* PostViewController.swift in Sources */ = {isa = PBXBuildFile; fileRef = 61F3BB04278BD27A00D6DBD1 /* PostViewController.swift */; };
		61F3BB07278BD29900D6DBD1 /* EditProfileViewController.swift in Sources */ = {isa = PBXBuildFile; fileRef = 61F3BB06278BD29900D6DBD1 /* EditProfileViewController.swift */; };
		61F3BB09278BD2A500D6DBD1 /* SettingsViewController.swift in Sources */ = {isa = PBXBuildFile; fileRef = 61F3BB08278BD2A500D6DBD1 /* SettingsViewController.swift */; };
		61F3BB0B278BD2B100D6DBD1 /* ListViewController.swift in Sources */ = {isa = PBXBuildFile; fileRef = 61F3BB0A278BD2B100D6DBD1 /* ListViewController.swift */; };
		61F3BB0D278BD2C100D6DBD1 /* SeachViewController.swift in Sources */ = {isa = PBXBuildFile; fileRef = 61F3BB0C278BD2C100D6DBD1 /* SeachViewController.swift */; };
		61F3BB0F278BD2CE00D6DBD1 /* SearchResultViewController.swift in Sources */ = {isa = PBXBuildFile; fileRef = 61F3BB0E278BD2CE00D6DBD1 /* SearchResultViewController.swift */; };
		61F3BB11278BD2FB00D6DBD1 /* PostEditorViewController.swift in Sources */ = {isa = PBXBuildFile; fileRef = 61F3BB10278BD2FB00D6DBD1 /* PostEditorViewController.swift */; };
		61F3BB13278BD31400D6DBD1 /* PublishPostViewController.swift in Sources */ = {isa = PBXBuildFile; fileRef = 61F3BB12278BD31400D6DBD1 /* PublishPostViewController.swift */; };
		61F3BB15278BDF3A00D6DBD1 /* GoogleService-Info.plist in Resources */ = {isa = PBXBuildFile; fileRef = 61F3BB14278BDF3A00D6DBD1 /* GoogleService-Info.plist */; };
		F76F837D430427123A58AD65 /* Pods_Instagram_InstagramUITests.framework in Frameworks */ = {isa = PBXBuildFile; fileRef = 29732338C3534452EDECC6B3 /* Pods_Instagram_InstagramUITests.framework */; };
/* End PBXBuildFile section */

/* Begin PBXContainerItemProxy section */
		61F3BAD4278BCE5E00D6DBD1 /* PBXContainerItemProxy */ = {
			isa = PBXContainerItemProxy;
			containerPortal = 61F3BAB5278BCE5B00D6DBD1 /* Project object */;
			proxyType = 1;
			remoteGlobalIDString = 61F3BABC278BCE5B00D6DBD1;
			remoteInfo = Instagram;
		};
		61F3BADE278BCE5E00D6DBD1 /* PBXContainerItemProxy */ = {
			isa = PBXContainerItemProxy;
			containerPortal = 61F3BAB5278BCE5B00D6DBD1 /* Project object */;
			proxyType = 1;
			remoteGlobalIDString = 61F3BABC278BCE5B00D6DBD1;
			remoteInfo = Instagram;
		};
/* End PBXContainerItemProxy section */

/* Begin PBXFileReference section */
		29732338C3534452EDECC6B3 /* Pods_Instagram_InstagramUITests.framework */ = {isa = PBXFileReference; explicitFileType = wrapper.framework; includeInIndex = 0; path = Pods_Instagram_InstagramUITests.framework; sourceTree = BUILT_PRODUCTS_DIR; };
		54256CA369CCB1B430A16B6F /* Pods-Instagram.release.xcconfig */ = {isa = PBXFileReference; includeInIndex = 1; lastKnownFileType = text.xcconfig; name = "Pods-Instagram.release.xcconfig"; path = "Target Support Files/Pods-Instagram/Pods-Instagram.release.xcconfig"; sourceTree = "<group>"; };
		57589228AB7262E1846E1450 /* Pods-Instagram.debug.xcconfig */ = {isa = PBXFileReference; includeInIndex = 1; lastKnownFileType = text.xcconfig; name = "Pods-Instagram.debug.xcconfig"; path = "Target Support Files/Pods-Instagram/Pods-Instagram.debug.xcconfig"; sourceTree = "<group>"; };
		6137D145278BED7900520799 /* DatabaseManager.swift */ = {isa = PBXFileReference; lastKnownFileType = sourcecode.swift; path = DatabaseManager.swift; sourceTree = "<group>"; };
		6137D147278BEE2200520799 /* AuthManager.swift */ = {isa = PBXFileReference; lastKnownFileType = sourcecode.swift; path = AuthManager.swift; sourceTree = "<group>"; };
		61986DB6278BEF0B004F751A /* StorageManager.swift */ = {isa = PBXFileReference; lastKnownFileType = sourcecode.swift; path = StorageManager.swift; sourceTree = "<group>"; };
		61986DB8278BF551004F751A /* Extensions.swift */ = {isa = PBXFileReference; lastKnownFileType = sourcecode.swift; path = Extensions.swift; sourceTree = "<group>"; };
		61F3BABD278BCE5B00D6DBD1 /* Instagram.app */ = {isa = PBXFileReference; explicitFileType = wrapper.application; includeInIndex = 0; path = Instagram.app; sourceTree = BUILT_PRODUCTS_DIR; };
		61F3BAC0278BCE5B00D6DBD1 /* AppDelegate.swift */ = {isa = PBXFileReference; lastKnownFileType = sourcecode.swift; path = AppDelegate.swift; sourceTree = "<group>"; };
		61F3BAC2278BCE5B00D6DBD1 /* SceneDelegate.swift */ = {isa = PBXFileReference; lastKnownFileType = sourcecode.swift; path = SceneDelegate.swift; sourceTree = "<group>"; };
		61F3BAC4278BCE5B00D6DBD1 /* HomeViewController.swift */ = {isa = PBXFileReference; lastKnownFileType = sourcecode.swift; path = HomeViewController.swift; sourceTree = "<group>"; };
		61F3BAC7278BCE5B00D6DBD1 /* Base */ = {isa = PBXFileReference; lastKnownFileType = file.storyboard; name = Base; path = Base.lproj/Main.storyboard; sourceTree = "<group>"; };
		61F3BAC9278BCE5E00D6DBD1 /* Assets.xcassets */ = {isa = PBXFileReference; lastKnownFileType = folder.assetcatalog; path = Assets.xcassets; sourceTree = "<group>"; };
		61F3BACC278BCE5E00D6DBD1 /* Base */ = {isa = PBXFileReference; lastKnownFileType = file.storyboard; name = Base; path = Base.lproj/LaunchScreen.storyboard; sourceTree = "<group>"; };
		61F3BACE278BCE5E00D6DBD1 /* Info.plist */ = {isa = PBXFileReference; lastKnownFileType = text.plist.xml; path = Info.plist; sourceTree = "<group>"; };
		61F3BAD3278BCE5E00D6DBD1 /* InstagramTests.xctest */ = {isa = PBXFileReference; explicitFileType = wrapper.cfbundle; includeInIndex = 0; path = InstagramTests.xctest; sourceTree = BUILT_PRODUCTS_DIR; };
		61F3BAD7278BCE5E00D6DBD1 /* InstagramTests.swift */ = {isa = PBXFileReference; lastKnownFileType = sourcecode.swift; path = InstagramTests.swift; sourceTree = "<group>"; };
		61F3BADD278BCE5E00D6DBD1 /* InstagramUITests.xctest */ = {isa = PBXFileReference; explicitFileType = wrapper.cfbundle; includeInIndex = 0; path = InstagramUITests.xctest; sourceTree = BUILT_PRODUCTS_DIR; };
		61F3BAE1278BCE5E00D6DBD1 /* InstagramUITests.swift */ = {isa = PBXFileReference; lastKnownFileType = sourcecode.swift; path = InstagramUITests.swift; sourceTree = "<group>"; };
		61F3BAE3278BCE5E00D6DBD1 /* InstagramUITestsLaunchTests.swift */ = {isa = PBXFileReference; lastKnownFileType = sourcecode.swift; path = InstagramUITestsLaunchTests.swift; sourceTree = "<group>"; };
		61F3BAF5278BD18700D6DBD1 /* ExploreViewController.swift */ = {isa = PBXFileReference; lastKnownFileType = sourcecode.swift; path = ExploreViewController.swift; sourceTree = "<group>"; };
		61F3BAF7278BD19600D6DBD1 /* CameraViewController.swift */ = {isa = PBXFileReference; lastKnownFileType = sourcecode.swift; path = CameraViewController.swift; sourceTree = "<group>"; };
		61F3BAF9278BD1AB00D6DBD1 /* NotificationsViewController.swift */ = {isa = PBXFileReference; lastKnownFileType = sourcecode.swift; path = NotificationsViewController.swift; sourceTree = "<group>"; };
		61F3BAFB278BD1B800D6DBD1 /* ProfileViewController.swift */ = {isa = PBXFileReference; lastKnownFileType = sourcecode.swift; path = ProfileViewController.swift; sourceTree = "<group>"; };
		61F3BB00278BD23B00D6DBD1 /* LoginViewController.swift */ = {isa = PBXFileReference; lastKnownFileType = sourcecode.swift; path = LoginViewController.swift; sourceTree = "<group>"; };
		61F3BB02278BD24E00D6DBD1 /* RegistrationViewController.swift */ = {isa = PBXFileReference; lastKnownFileType = sourcecode.swift; path = RegistrationViewController.swift; sourceTree = "<group>"; };
		61F3BB04278BD27A00D6DBD1 /* PostViewController.swift */ = {isa = PBXFileReference; lastKnownFileType = sourcecode.swift; path = PostViewController.swift; sourceTree = "<group>"; };
		61F3BB06278BD29900D6DBD1 /* EditProfileViewController.swift */ = {isa = PBXFileReference; lastKnownFileType = sourcecode.swift; path = EditProfileViewController.swift; sourceTree = "<group>"; };
		61F3BB08278BD2A500D6DBD1 /* SettingsViewController.swift */ = {isa = PBXFileReference; lastKnownFileType = sourcecode.swift; path = SettingsViewController.swift; sourceTree = "<group>"; };
		61F3BB0A278BD2B100D6DBD1 /* ListViewController.swift */ = {isa = PBXFileReference; lastKnownFileType = sourcecode.swift; path = ListViewController.swift; sourceTree = "<group>"; };
		61F3BB0C278BD2C100D6DBD1 /* SeachViewController.swift */ = {isa = PBXFileReference; lastKnownFileType = sourcecode.swift; path = SeachViewController.swift; sourceTree = "<group>"; };
		61F3BB0E278BD2CE00D6DBD1 /* SearchResultViewController.swift */ = {isa = PBXFileReference; lastKnownFileType = sourcecode.swift; path = SearchResultViewController.swift; sourceTree = "<group>"; };
		61F3BB10278BD2FB00D6DBD1 /* PostEditorViewController.swift */ = {isa = PBXFileReference; lastKnownFileType = sourcecode.swift; path = PostEditorViewController.swift; sourceTree = "<group>"; };
		61F3BB12278BD31400D6DBD1 /* PublishPostViewController.swift */ = {isa = PBXFileReference; lastKnownFileType = sourcecode.swift; path = PublishPostViewController.swift; sourceTree = "<group>"; };
		61F3BB14278BDF3A00D6DBD1 /* GoogleService-Info.plist */ = {isa = PBXFileReference; fileEncoding = 4; lastKnownFileType = text.plist.xml; path = "GoogleService-Info.plist"; sourceTree = "<group>"; };
		646FD5C3F8251B90D148099D /* Pods_Instagram.framework */ = {isa = PBXFileReference; explicitFileType = wrapper.framework; includeInIndex = 0; path = Pods_Instagram.framework; sourceTree = BUILT_PRODUCTS_DIR; };
		A21851E3914A4B43F1F4156F /* Pods_InstagramTests.framework */ = {isa = PBXFileReference; explicitFileType = wrapper.framework; includeInIndex = 0; path = Pods_InstagramTests.framework; sourceTree = BUILT_PRODUCTS_DIR; };
		B97E65F719848CEBB394FB89 /* Pods-InstagramTests.release.xcconfig */ = {isa = PBXFileReference; includeInIndex = 1; lastKnownFileType = text.xcconfig; name = "Pods-InstagramTests.release.xcconfig"; path = "Target Support Files/Pods-InstagramTests/Pods-InstagramTests.release.xcconfig"; sourceTree = "<group>"; };
		BE5B539EDE9476B30AB44974 /* Pods-Instagram-InstagramUITests.debug.xcconfig */ = {isa = PBXFileReference; includeInIndex = 1; lastKnownFileType = text.xcconfig; name = "Pods-Instagram-InstagramUITests.debug.xcconfig"; path = "Target Support Files/Pods-Instagram-InstagramUITests/Pods-Instagram-InstagramUITests.debug.xcconfig"; sourceTree = "<group>"; };
		DA21713CBAD1C03766E749AC /* Pods-Instagram-InstagramUITests.release.xcconfig */ = {isa = PBXFileReference; includeInIndex = 1; lastKnownFileType = text.xcconfig; name = "Pods-Instagram-InstagramUITests.release.xcconfig"; path = "Target Support Files/Pods-Instagram-InstagramUITests/Pods-Instagram-InstagramUITests.release.xcconfig"; sourceTree = "<group>"; };
		F3F5564960C8A7AFDE53064F /* Pods-InstagramTests.debug.xcconfig */ = {isa = PBXFileReference; includeInIndex = 1; lastKnownFileType = text.xcconfig; name = "Pods-InstagramTests.debug.xcconfig"; path = "Target Support Files/Pods-InstagramTests/Pods-InstagramTests.debug.xcconfig"; sourceTree = "<group>"; };
/* End PBXFileReference section */

/* Begin PBXFrameworksBuildPhase section */
		61F3BABA278BCE5B00D6DBD1 /* Frameworks */ = {
			isa = PBXFrameworksBuildPhase;
			buildActionMask = 2147483647;
			files = (
				5EE1BE70B1C78E378715A2BC /* Pods_Instagram.framework in Frameworks */,
			);
			runOnlyForDeploymentPostprocessing = 0;
		};
		61F3BAD0278BCE5E00D6DBD1 /* Frameworks */ = {
			isa = PBXFrameworksBuildPhase;
			buildActionMask = 2147483647;
			files = (
				05FC31698C731C8D52BBE14B /* Pods_InstagramTests.framework in Frameworks */,
			);
			runOnlyForDeploymentPostprocessing = 0;
		};
		61F3BADA278BCE5E00D6DBD1 /* Frameworks */ = {
			isa = PBXFrameworksBuildPhase;
			buildActionMask = 2147483647;
			files = (
				F76F837D430427123A58AD65 /* Pods_Instagram_InstagramUITests.framework in Frameworks */,
			);
			runOnlyForDeploymentPostprocessing = 0;
		};
/* End PBXFrameworksBuildPhase section */

/* Begin PBXGroup section */
		6137D144278BEA6200520799 /* General */ = {
			isa = PBXGroup;
			children = (
				61F3BB04278BD27A00D6DBD1 /* PostViewController.swift */,
				61F3BB06278BD29900D6DBD1 /* EditProfileViewController.swift */,
				61F3BB08278BD2A500D6DBD1 /* SettingsViewController.swift */,
				61F3BB0A278BD2B100D6DBD1 /* ListViewController.swift */,
				61F3BB0C278BD2C100D6DBD1 /* SeachViewController.swift */,
				61F3BB0E278BD2CE00D6DBD1 /* SearchResultViewController.swift */,
				61F3BB10278BD2FB00D6DBD1 /* PostEditorViewController.swift */,
				61F3BB12278BD31400D6DBD1 /* PublishPostViewController.swift */,
			);
			path = General;
			sourceTree = "<group>";
		};
		61F3BAB4278BCE5B00D6DBD1 = {
			isa = PBXGroup;
			children = (
				61F3BABF278BCE5B00D6DBD1 /* Instagram */,
				61F3BAD6278BCE5E00D6DBD1 /* InstagramTests */,
				61F3BAE0278BCE5E00D6DBD1 /* InstagramUITests */,
				61F3BABE278BCE5B00D6DBD1 /* Products */,
				E1C6188AFF7C0FC006FAFA4E /* Pods */,
				7AB8AC6D433527A03A749342 /* Frameworks */,
			);
			sourceTree = "<group>";
		};
		61F3BABE278BCE5B00D6DBD1 /* Products */ = {
			isa = PBXGroup;
			children = (
				61F3BABD278BCE5B00D6DBD1 /* Instagram.app */,
				61F3BAD3278BCE5E00D6DBD1 /* InstagramTests.xctest */,
				61F3BADD278BCE5E00D6DBD1 /* InstagramUITests.xctest */,
			);
			name = Products;
			sourceTree = "<group>";
		};
		61F3BABF278BCE5B00D6DBD1 /* Instagram */ = {
			isa = PBXGroup;
			children = (
				61F3BAF0278BCF6600D6DBD1 /* Controllers */,
				61F3BAF1278BCF8400D6DBD1 /* Models */,
				61F3BAF3278BCFE800D6DBD1 /* Views */,
				61F3BAF2278BCF8D00D6DBD1 /* Resources */,
				61F3BACE278BCE5E00D6DBD1 /* Info.plist */,
			);
			path = Instagram;
			sourceTree = "<group>";
		};
		61F3BAD6278BCE5E00D6DBD1 /* InstagramTests */ = {
			isa = PBXGroup;
			children = (
				61F3BAD7278BCE5E00D6DBD1 /* InstagramTests.swift */,
			);
			path = InstagramTests;
			sourceTree = "<group>";
		};
		61F3BAE0278BCE5E00D6DBD1 /* InstagramUITests */ = {
			isa = PBXGroup;
			children = (
				61F3BAE1278BCE5E00D6DBD1 /* InstagramUITests.swift */,
				61F3BAE3278BCE5E00D6DBD1 /* InstagramUITestsLaunchTests.swift */,
			);
			path = InstagramUITests;
			sourceTree = "<group>";
		};
		61F3BAF0278BCF6600D6DBD1 /* Controllers */ = {
			isa = PBXGroup;
			children = (
				61F3BAFE278BD21300D6DBD1 /* Other */,
				61F3BAFD278BD1CB00D6DBD1 /* Core tabs */,
			);
			path = Controllers;
			sourceTree = "<group>";
		};
		61F3BAF1278BCF8400D6DBD1 /* Models */ = {
			isa = PBXGroup;
			children = (
			);
			path = Models;
			sourceTree = "<group>";
		};
		61F3BAF2278BCF8D00D6DBD1 /* Resources */ = {
			isa = PBXGroup;
			children = (
				61F3BB14278BDF3A00D6DBD1 /* GoogleService-Info.plist */,
				61F3BAC0278BCE5B00D6DBD1 /* AppDelegate.swift */,
				61F3BAC2278BCE5B00D6DBD1 /* SceneDelegate.swift */,
				6137D145278BED7900520799 /* DatabaseManager.swift */,
				6137D147278BEE2200520799 /* AuthManager.swift */,
				61986DB6278BEF0B004F751A /* StorageManager.swift */,
				61986DB8278BF551004F751A /* Extensions.swift */,
			);
			path = Resources;
			sourceTree = "<group>";
		};
		61F3BAF3278BCFE800D6DBD1 /* Views */ = {
			isa = PBXGroup;
			children = (
				61F3BAF4278BD02D00D6DBD1 /* Storyboards */,
				61F3BAC9278BCE5E00D6DBD1 /* Assets.xcassets */,
			);
			path = Views;
			sourceTree = "<group>";
		};
		61F3BAF4278BD02D00D6DBD1 /* Storyboards */ = {
			isa = PBXGroup;
			children = (
				61F3BAC6278BCE5B00D6DBD1 /* Main.storyboard */,
				61F3BACB278BCE5E00D6DBD1 /* LaunchScreen.storyboard */,
			);
			path = Storyboards;
			sourceTree = "<group>";
		};
		61F3BAFD278BD1CB00D6DBD1 /* Core tabs */ = {
			isa = PBXGroup;
			children = (
				61F3BAC4278BCE5B00D6DBD1 /* HomeViewController.swift */,
				61F3BAF5278BD18700D6DBD1 /* ExploreViewController.swift */,
				61F3BAF7278BD19600D6DBD1 /* CameraViewController.swift */,
				61F3BAF9278BD1AB00D6DBD1 /* NotificationsViewController.swift */,
				61F3BAFB278BD1B800D6DBD1 /* ProfileViewController.swift */,
			);
			path = "Core tabs";
			sourceTree = "<group>";
		};
		61F3BAFE278BD21300D6DBD1 /* Other */ = {
			isa = PBXGroup;
			children = (
				61F3BAFF278BD22400D6DBD1 /* Onboarding */,
				6137D144278BEA6200520799 /* General */,
			);
			path = Other;
			sourceTree = "<group>";
		};
		61F3BAFF278BD22400D6DBD1 /* Onboarding */ = {
			isa = PBXGroup;
			children = (
				61F3BB00278BD23B00D6DBD1 /* LoginViewController.swift */,
				61F3BB02278BD24E00D6DBD1 /* RegistrationViewController.swift */,
			);
			path = Onboarding;
			sourceTree = "<group>";
		};
		7AB8AC6D433527A03A749342 /* Frameworks */ = {
			isa = PBXGroup;
			children = (
				646FD5C3F8251B90D148099D /* Pods_Instagram.framework */,
				29732338C3534452EDECC6B3 /* Pods_Instagram_InstagramUITests.framework */,
				A21851E3914A4B43F1F4156F /* Pods_InstagramTests.framework */,
			);
			name = Frameworks;
			sourceTree = "<group>";
		};
		E1C6188AFF7C0FC006FAFA4E /* Pods */ = {
			isa = PBXGroup;
			children = (
				57589228AB7262E1846E1450 /* Pods-Instagram.debug.xcconfig */,
				54256CA369CCB1B430A16B6F /* Pods-Instagram.release.xcconfig */,
				BE5B539EDE9476B30AB44974 /* Pods-Instagram-InstagramUITests.debug.xcconfig */,
				DA21713CBAD1C03766E749AC /* Pods-Instagram-InstagramUITests.release.xcconfig */,
				F3F5564960C8A7AFDE53064F /* Pods-InstagramTests.debug.xcconfig */,
				B97E65F719848CEBB394FB89 /* Pods-InstagramTests.release.xcconfig */,
			);
			path = Pods;
			sourceTree = "<group>";
		};
/* End PBXGroup section */

/* Begin PBXNativeTarget section */
		61F3BABC278BCE5B00D6DBD1 /* Instagram */ = {
			isa = PBXNativeTarget;
			buildConfigurationList = 61F3BAE7278BCE5E00D6DBD1 /* Build configuration list for PBXNativeTarget "Instagram" */;
			buildPhases = (
				D29CC47B998CBAE3BB7B29EB /* [CP] Check Pods Manifest.lock */,
				61F3BAB9278BCE5B00D6DBD1 /* Sources */,
				61F3BABA278BCE5B00D6DBD1 /* Frameworks */,
				61F3BABB278BCE5B00D6DBD1 /* Resources */,
				A1C2E2550A5A4F9F2C5F41DA /* [CP] Embed Pods Frameworks */,
			);
			buildRules = (
			);
			dependencies = (
			);
			name = Instagram;
			productName = Instagram;
			productReference = 61F3BABD278BCE5B00D6DBD1 /* Instagram.app */;
			productType = "com.apple.product-type.application";
		};
		61F3BAD2278BCE5E00D6DBD1 /* InstagramTests */ = {
			isa = PBXNativeTarget;
			buildConfigurationList = 61F3BAEA278BCE5E00D6DBD1 /* Build configuration list for PBXNativeTarget "InstagramTests" */;
			buildPhases = (
				DE71FD824EB8E1353D4A5285 /* [CP] Check Pods Manifest.lock */,
				61F3BACF278BCE5E00D6DBD1 /* Sources */,
				61F3BAD0278BCE5E00D6DBD1 /* Frameworks */,
				61F3BAD1278BCE5E00D6DBD1 /* Resources */,
			);
			buildRules = (
			);
			dependencies = (
				61F3BAD5278BCE5E00D6DBD1 /* PBXTargetDependency */,
			);
			name = InstagramTests;
			productName = InstagramTests;
			productReference = 61F3BAD3278BCE5E00D6DBD1 /* InstagramTests.xctest */;
			productType = "com.apple.product-type.bundle.unit-test";
		};
		61F3BADC278BCE5E00D6DBD1 /* InstagramUITests */ = {
			isa = PBXNativeTarget;
			buildConfigurationList = 61F3BAED278BCE5E00D6DBD1 /* Build configuration list for PBXNativeTarget "InstagramUITests" */;
			buildPhases = (
				54CFD83CA4DAD470B9AC4C93 /* [CP] Check Pods Manifest.lock */,
				61F3BAD9278BCE5E00D6DBD1 /* Sources */,
				61F3BADA278BCE5E00D6DBD1 /* Frameworks */,
				61F3BADB278BCE5E00D6DBD1 /* Resources */,
				1A52D497329F117B1822F3E8 /* [CP] Embed Pods Frameworks */,
			);
			buildRules = (
			);
			dependencies = (
				61F3BADF278BCE5E00D6DBD1 /* PBXTargetDependency */,
			);
			name = InstagramUITests;
			productName = InstagramUITests;
			productReference = 61F3BADD278BCE5E00D6DBD1 /* InstagramUITests.xctest */;
			productType = "com.apple.product-type.bundle.ui-testing";
		};
/* End PBXNativeTarget section */

/* Begin PBXProject section */
		61F3BAB5278BCE5B00D6DBD1 /* Project object */ = {
			isa = PBXProject;
			attributes = {
				BuildIndependentTargetsInParallel = 1;
				LastSwiftUpdateCheck = 1320;
				LastUpgradeCheck = 1320;
				TargetAttributes = {
					61F3BABC278BCE5B00D6DBD1 = {
						CreatedOnToolsVersion = 13.2.1;
					};
					61F3BAD2278BCE5E00D6DBD1 = {
						CreatedOnToolsVersion = 13.2.1;
						TestTargetID = 61F3BABC278BCE5B00D6DBD1;
					};
					61F3BADC278BCE5E00D6DBD1 = {
						CreatedOnToolsVersion = 13.2.1;
						TestTargetID = 61F3BABC278BCE5B00D6DBD1;
					};
				};
			};
			buildConfigurationList = 61F3BAB8278BCE5B00D6DBD1 /* Build configuration list for PBXProject "Instagram" */;
			compatibilityVersion = "Xcode 13.0";
			developmentRegion = en;
			hasScannedForEncodings = 0;
			knownRegions = (
				en,
				Base,
			);
			mainGroup = 61F3BAB4278BCE5B00D6DBD1;
			productRefGroup = 61F3BABE278BCE5B00D6DBD1 /* Products */;
			projectDirPath = "";
			projectRoot = "";
			targets = (
				61F3BABC278BCE5B00D6DBD1 /* Instagram */,
				61F3BAD2278BCE5E00D6DBD1 /* InstagramTests */,
				61F3BADC278BCE5E00D6DBD1 /* InstagramUITests */,
			);
		};
/* End PBXProject section */

/* Begin PBXResourcesBuildPhase section */
		61F3BABB278BCE5B00D6DBD1 /* Resources */ = {
			isa = PBXResourcesBuildPhase;
			buildActionMask = 2147483647;
			files = (
				61F3BACD278BCE5E00D6DBD1 /* LaunchScreen.storyboard in Resources */,
				61F3BB15278BDF3A00D6DBD1 /* GoogleService-Info.plist in Resources */,
				61F3BACA278BCE5E00D6DBD1 /* Assets.xcassets in Resources */,
				61F3BAC8278BCE5B00D6DBD1 /* Main.storyboard in Resources */,
			);
			runOnlyForDeploymentPostprocessing = 0;
		};
		61F3BAD1278BCE5E00D6DBD1 /* Resources */ = {
			isa = PBXResourcesBuildPhase;
			buildActionMask = 2147483647;
			files = (
			);
			runOnlyForDeploymentPostprocessing = 0;
		};
		61F3BADB278BCE5E00D6DBD1 /* Resources */ = {
			isa = PBXResourcesBuildPhase;
			buildActionMask = 2147483647;
			files = (
			);
			runOnlyForDeploymentPostprocessing = 0;
		};
/* End PBXResourcesBuildPhase section */

/* Begin PBXShellScriptBuildPhase section */
		1A52D497329F117B1822F3E8 /* [CP] Embed Pods Frameworks */ = {
			isa = PBXShellScriptBuildPhase;
			buildActionMask = 2147483647;
			files = (
			);
			inputFileListPaths = (
				"${PODS_ROOT}/Target Support Files/Pods-Instagram-InstagramUITests/Pods-Instagram-InstagramUITests-frameworks-${CONFIGURATION}-input-files.xcfilelist",
			);
			name = "[CP] Embed Pods Frameworks";
			outputFileListPaths = (
				"${PODS_ROOT}/Target Support Files/Pods-Instagram-InstagramUITests/Pods-Instagram-InstagramUITests-frameworks-${CONFIGURATION}-output-files.xcfilelist",
			);
			runOnlyForDeploymentPostprocessing = 0;
			shellPath = /bin/sh;
			shellScript = "\"${PODS_ROOT}/Target Support Files/Pods-Instagram-InstagramUITests/Pods-Instagram-InstagramUITests-frameworks.sh\"\n";
			showEnvVarsInLog = 0;
		};
		54CFD83CA4DAD470B9AC4C93 /* [CP] Check Pods Manifest.lock */ = {
			isa = PBXShellScriptBuildPhase;
			buildActionMask = 2147483647;
			files = (
			);
			inputFileListPaths = (
			);
			inputPaths = (
				"${PODS_PODFILE_DIR_PATH}/Podfile.lock",
				"${PODS_ROOT}/Manifest.lock",
			);
			name = "[CP] Check Pods Manifest.lock";
			outputFileListPaths = (
			);
			outputPaths = (
				"$(DERIVED_FILE_DIR)/Pods-Instagram-InstagramUITests-checkManifestLockResult.txt",
			);
			runOnlyForDeploymentPostprocessing = 0;
			shellPath = /bin/sh;
			shellScript = "diff \"${PODS_PODFILE_DIR_PATH}/Podfile.lock\" \"${PODS_ROOT}/Manifest.lock\" > /dev/null\nif [ $? != 0 ] ; then\n    # print error to STDERR\n    echo \"error: The sandbox is not in sync with the Podfile.lock. Run 'pod install' or update your CocoaPods installation.\" >&2\n    exit 1\nfi\n# This output is used by Xcode 'outputs' to avoid re-running this script phase.\necho \"SUCCESS\" > \"${SCRIPT_OUTPUT_FILE_0}\"\n";
			showEnvVarsInLog = 0;
		};
		A1C2E2550A5A4F9F2C5F41DA /* [CP] Embed Pods Frameworks */ = {
			isa = PBXShellScriptBuildPhase;
			buildActionMask = 2147483647;
			files = (
			);
			inputFileListPaths = (
				"${PODS_ROOT}/Target Support Files/Pods-Instagram/Pods-Instagram-frameworks-${CONFIGURATION}-input-files.xcfilelist",
			);
			name = "[CP] Embed Pods Frameworks";
			outputFileListPaths = (
				"${PODS_ROOT}/Target Support Files/Pods-Instagram/Pods-Instagram-frameworks-${CONFIGURATION}-output-files.xcfilelist",
			);
			runOnlyForDeploymentPostprocessing = 0;
			shellPath = /bin/sh;
			shellScript = "\"${PODS_ROOT}/Target Support Files/Pods-Instagram/Pods-Instagram-frameworks.sh\"\n";
			showEnvVarsInLog = 0;
		};
		D29CC47B998CBAE3BB7B29EB /* [CP] Check Pods Manifest.lock */ = {
			isa = PBXShellScriptBuildPhase;
			buildActionMask = 2147483647;
			files = (
			);
			inputFileListPaths = (
			);
			inputPaths = (
				"${PODS_PODFILE_DIR_PATH}/Podfile.lock",
				"${PODS_ROOT}/Manifest.lock",
			);
			name = "[CP] Check Pods Manifest.lock";
			outputFileListPaths = (
			);
			outputPaths = (
				"$(DERIVED_FILE_DIR)/Pods-Instagram-checkManifestLockResult.txt",
			);
			runOnlyForDeploymentPostprocessing = 0;
			shellPath = /bin/sh;
			shellScript = "diff \"${PODS_PODFILE_DIR_PATH}/Podfile.lock\" \"${PODS_ROOT}/Manifest.lock\" > /dev/null\nif [ $? != 0 ] ; then\n    # print error to STDERR\n    echo \"error: The sandbox is not in sync with the Podfile.lock. Run 'pod install' or update your CocoaPods installation.\" >&2\n    exit 1\nfi\n# This output is used by Xcode 'outputs' to avoid re-running this script phase.\necho \"SUCCESS\" > \"${SCRIPT_OUTPUT_FILE_0}\"\n";
			showEnvVarsInLog = 0;
		};
		DE71FD824EB8E1353D4A5285 /* [CP] Check Pods Manifest.lock */ = {
			isa = PBXShellScriptBuildPhase;
			buildActionMask = 2147483647;
			files = (
			);
			inputFileListPaths = (
			);
			inputPaths = (
				"${PODS_PODFILE_DIR_PATH}/Podfile.lock",
				"${PODS_ROOT}/Manifest.lock",
			);
			name = "[CP] Check Pods Manifest.lock";
			outputFileListPaths = (
			);
			outputPaths = (
				"$(DERIVED_FILE_DIR)/Pods-InstagramTests-checkManifestLockResult.txt",
			);
			runOnlyForDeploymentPostprocessing = 0;
			shellPath = /bin/sh;
			shellScript = "diff \"${PODS_PODFILE_DIR_PATH}/Podfile.lock\" \"${PODS_ROOT}/Manifest.lock\" > /dev/null\nif [ $? != 0 ] ; then\n    # print error to STDERR\n    echo \"error: The sandbox is not in sync with the Podfile.lock. Run 'pod install' or update your CocoaPods installation.\" >&2\n    exit 1\nfi\n# This output is used by Xcode 'outputs' to avoid re-running this script phase.\necho \"SUCCESS\" > \"${SCRIPT_OUTPUT_FILE_0}\"\n";
			showEnvVarsInLog = 0;
		};
/* End PBXShellScriptBuildPhase section */

/* Begin PBXSourcesBuildPhase section */
		61F3BAB9278BCE5B00D6DBD1 /* Sources */ = {
			isa = PBXSourcesBuildPhase;
			buildActionMask = 2147483647;
			files = (
				61F3BB07278BD29900D6DBD1 /* EditProfileViewController.swift in Sources */,
				61F3BB0D278BD2C100D6DBD1 /* SeachViewController.swift in Sources */,
				61F3BB13278BD31400D6DBD1 /* PublishPostViewController.swift in Sources */,
				61F3BAF6278BD18700D6DBD1 /* ExploreViewController.swift in Sources */,
				61F3BAF8278BD19600D6DBD1 /* CameraViewController.swift in Sources */,
				61F3BAC5278BCE5B00D6DBD1 /* HomeViewController.swift in Sources */,
				61F3BB11278BD2FB00D6DBD1 /* PostEditorViewController.swift in Sources */,
				61986DB7278BEF0B004F751A /* StorageManager.swift in Sources */,
				61F3BB03278BD24E00D6DBD1 /* RegistrationViewController.swift in Sources */,
				6137D146278BED7900520799 /* DatabaseManager.swift in Sources */,
				61F3BB05278BD27A00D6DBD1 /* PostViewController.swift in Sources */,
				61F3BB0F278BD2CE00D6DBD1 /* SearchResultViewController.swift in Sources */,
				61F3BAFA278BD1AB00D6DBD1 /* NotificationsViewController.swift in Sources */,
				61986DB9278BF551004F751A /* Extensions.swift in Sources */,
				61F3BB01278BD23B00D6DBD1 /* LoginViewController.swift in Sources */,
				61F3BAFC278BD1B800D6DBD1 /* ProfileViewController.swift in Sources */,
				6137D148278BEE2200520799 /* AuthManager.swift in Sources */,
				61F3BAC1278BCE5B00D6DBD1 /* AppDelegate.swift in Sources */,
				61F3BAC3278BCE5B00D6DBD1 /* SceneDelegate.swift in Sources */,
				61F3BB0B278BD2B100D6DBD1 /* ListViewController.swift in Sources */,
				61F3BB09278BD2A500D6DBD1 /* SettingsViewController.swift in Sources */,
			);
			runOnlyForDeploymentPostprocessing = 0;
		};
		61F3BACF278BCE5E00D6DBD1 /* Sources */ = {
			isa = PBXSourcesBuildPhase;
			buildActionMask = 2147483647;
			files = (
				61F3BAD8278BCE5E00D6DBD1 /* InstagramTests.swift in Sources */,
			);
			runOnlyForDeploymentPostprocessing = 0;
		};
		61F3BAD9278BCE5E00D6DBD1 /* Sources */ = {
			isa = PBXSourcesBuildPhase;
			buildActionMask = 2147483647;
			files = (
				61F3BAE2278BCE5E00D6DBD1 /* InstagramUITests.swift in Sources */,
				61F3BAE4278BCE5E00D6DBD1 /* InstagramUITestsLaunchTests.swift in Sources */,
			);
			runOnlyForDeploymentPostprocessing = 0;
		};
/* End PBXSourcesBuildPhase section */

/* Begin PBXTargetDependency section */
		61F3BAD5278BCE5E00D6DBD1 /* PBXTargetDependency */ = {
			isa = PBXTargetDependency;
			target = 61F3BABC278BCE5B00D6DBD1 /* Instagram */;
			targetProxy = 61F3BAD4278BCE5E00D6DBD1 /* PBXContainerItemProxy */;
		};
		61F3BADF278BCE5E00D6DBD1 /* PBXTargetDependency */ = {
			isa = PBXTargetDependency;
			target = 61F3BABC278BCE5B00D6DBD1 /* Instagram */;
			targetProxy = 61F3BADE278BCE5E00D6DBD1 /* PBXContainerItemProxy */;
		};
/* End PBXTargetDependency section */

/* Begin PBXVariantGroup section */
		61F3BAC6278BCE5B00D6DBD1 /* Main.storyboard */ = {
			isa = PBXVariantGroup;
			children = (
				61F3BAC7278BCE5B00D6DBD1 /* Base */,
			);
			name = Main.storyboard;
			sourceTree = "<group>";
		};
		61F3BACB278BCE5E00D6DBD1 /* LaunchScreen.storyboard */ = {
			isa = PBXVariantGroup;
			children = (
				61F3BACC278BCE5E00D6DBD1 /* Base */,
			);
			name = LaunchScreen.storyboard;
			sourceTree = "<group>";
		};
/* End PBXVariantGroup section */

/* Begin XCBuildConfiguration section */
		61F3BAE5278BCE5E00D6DBD1 /* Debug */ = {
			isa = XCBuildConfiguration;
			buildSettings = {
				ALWAYS_SEARCH_USER_PATHS = NO;
				CLANG_ANALYZER_NONNULL = YES;
				CLANG_ANALYZER_NUMBER_OBJECT_CONVERSION = YES_AGGRESSIVE;
				CLANG_CXX_LANGUAGE_STANDARD = "gnu++17";
				CLANG_CXX_LIBRARY = "libc++";
				CLANG_ENABLE_MODULES = YES;
				CLANG_ENABLE_OBJC_ARC = YES;
				CLANG_ENABLE_OBJC_WEAK = YES;
				CLANG_WARN_BLOCK_CAPTURE_AUTORELEASING = YES;
				CLANG_WARN_BOOL_CONVERSION = YES;
				CLANG_WARN_COMMA = YES;
				CLANG_WARN_CONSTANT_CONVERSION = YES;
				CLANG_WARN_DEPRECATED_OBJC_IMPLEMENTATIONS = YES;
				CLANG_WARN_DIRECT_OBJC_ISA_USAGE = YES_ERROR;
				CLANG_WARN_DOCUMENTATION_COMMENTS = YES;
				CLANG_WARN_EMPTY_BODY = YES;
				CLANG_WARN_ENUM_CONVERSION = YES;
				CLANG_WARN_INFINITE_RECURSION = YES;
				CLANG_WARN_INT_CONVERSION = YES;
				CLANG_WARN_NON_LITERAL_NULL_CONVERSION = YES;
				CLANG_WARN_OBJC_IMPLICIT_RETAIN_SELF = YES;
				CLANG_WARN_OBJC_LITERAL_CONVERSION = YES;
				CLANG_WARN_OBJC_ROOT_CLASS = YES_ERROR;
				CLANG_WARN_QUOTED_INCLUDE_IN_FRAMEWORK_HEADER = YES;
				CLANG_WARN_RANGE_LOOP_ANALYSIS = YES;
				CLANG_WARN_STRICT_PROTOTYPES = YES;
				CLANG_WARN_SUSPICIOUS_MOVE = YES;
				CLANG_WARN_UNGUARDED_AVAILABILITY = YES_AGGRESSIVE;
				CLANG_WARN_UNREACHABLE_CODE = YES;
				CLANG_WARN__DUPLICATE_METHOD_MATCH = YES;
				COPY_PHASE_STRIP = NO;
				DEBUG_INFORMATION_FORMAT = dwarf;
				ENABLE_STRICT_OBJC_MSGSEND = YES;
				ENABLE_TESTABILITY = YES;
				GCC_C_LANGUAGE_STANDARD = gnu11;
				GCC_DYNAMIC_NO_PIC = NO;
				GCC_NO_COMMON_BLOCKS = YES;
				GCC_OPTIMIZATION_LEVEL = 0;
				GCC_PREPROCESSOR_DEFINITIONS = (
					"DEBUG=1",
					"$(inherited)",
				);
				GCC_WARN_64_TO_32_BIT_CONVERSION = YES;
				GCC_WARN_ABOUT_RETURN_TYPE = YES_ERROR;
				GCC_WARN_UNDECLARED_SELECTOR = YES;
				GCC_WARN_UNINITIALIZED_AUTOS = YES_AGGRESSIVE;
				GCC_WARN_UNUSED_FUNCTION = YES;
				GCC_WARN_UNUSED_VARIABLE = YES;
				IPHONEOS_DEPLOYMENT_TARGET = 15.2;
				MTL_ENABLE_DEBUG_INFO = INCLUDE_SOURCE;
				MTL_FAST_MATH = YES;
				ONLY_ACTIVE_ARCH = YES;
				SDKROOT = iphoneos;
				SWIFT_ACTIVE_COMPILATION_CONDITIONS = DEBUG;
				SWIFT_OPTIMIZATION_LEVEL = "-Onone";
			};
			name = Debug;
		};
		61F3BAE6278BCE5E00D6DBD1 /* Release */ = {
			isa = XCBuildConfiguration;
			buildSettings = {
				ALWAYS_SEARCH_USER_PATHS = NO;
				CLANG_ANALYZER_NONNULL = YES;
				CLANG_ANALYZER_NUMBER_OBJECT_CONVERSION = YES_AGGRESSIVE;
				CLANG_CXX_LANGUAGE_STANDARD = "gnu++17";
				CLANG_CXX_LIBRARY = "libc++";
				CLANG_ENABLE_MODULES = YES;
				CLANG_ENABLE_OBJC_ARC = YES;
				CLANG_ENABLE_OBJC_WEAK = YES;
				CLANG_WARN_BLOCK_CAPTURE_AUTORELEASING = YES;
				CLANG_WARN_BOOL_CONVERSION = YES;
				CLANG_WARN_COMMA = YES;
				CLANG_WARN_CONSTANT_CONVERSION = YES;
				CLANG_WARN_DEPRECATED_OBJC_IMPLEMENTATIONS = YES;
				CLANG_WARN_DIRECT_OBJC_ISA_USAGE = YES_ERROR;
				CLANG_WARN_DOCUMENTATION_COMMENTS = YES;
				CLANG_WARN_EMPTY_BODY = YES;
				CLANG_WARN_ENUM_CONVERSION = YES;
				CLANG_WARN_INFINITE_RECURSION = YES;
				CLANG_WARN_INT_CONVERSION = YES;
				CLANG_WARN_NON_LITERAL_NULL_CONVERSION = YES;
				CLANG_WARN_OBJC_IMPLICIT_RETAIN_SELF = YES;
				CLANG_WARN_OBJC_LITERAL_CONVERSION = YES;
				CLANG_WARN_OBJC_ROOT_CLASS = YES_ERROR;
				CLANG_WARN_QUOTED_INCLUDE_IN_FRAMEWORK_HEADER = YES;
				CLANG_WARN_RANGE_LOOP_ANALYSIS = YES;
				CLANG_WARN_STRICT_PROTOTYPES = YES;
				CLANG_WARN_SUSPICIOUS_MOVE = YES;
				CLANG_WARN_UNGUARDED_AVAILABILITY = YES_AGGRESSIVE;
				CLANG_WARN_UNREACHABLE_CODE = YES;
				CLANG_WARN__DUPLICATE_METHOD_MATCH = YES;
				COPY_PHASE_STRIP = NO;
				DEBUG_INFORMATION_FORMAT = "dwarf-with-dsym";
				ENABLE_NS_ASSERTIONS = NO;
				ENABLE_STRICT_OBJC_MSGSEND = YES;
				GCC_C_LANGUAGE_STANDARD = gnu11;
				GCC_NO_COMMON_BLOCKS = YES;
				GCC_WARN_64_TO_32_BIT_CONVERSION = YES;
				GCC_WARN_ABOUT_RETURN_TYPE = YES_ERROR;
				GCC_WARN_UNDECLARED_SELECTOR = YES;
				GCC_WARN_UNINITIALIZED_AUTOS = YES_AGGRESSIVE;
				GCC_WARN_UNUSED_FUNCTION = YES;
				GCC_WARN_UNUSED_VARIABLE = YES;
				IPHONEOS_DEPLOYMENT_TARGET = 15.2;
				MTL_ENABLE_DEBUG_INFO = NO;
				MTL_FAST_MATH = YES;
				SDKROOT = iphoneos;
				SWIFT_COMPILATION_MODE = wholemodule;
				SWIFT_OPTIMIZATION_LEVEL = "-O";
				VALIDATE_PRODUCT = YES;
			};
			name = Release;
		};
		61F3BAE8278BCE5E00D6DBD1 /* Debug */ = {
			isa = XCBuildConfiguration;
			baseConfigurationReference = 57589228AB7262E1846E1450 /* Pods-Instagram.debug.xcconfig */;
			buildSettings = {
				ASSETCATALOG_COMPILER_APPICON_NAME = AppIcon;
				ASSETCATALOG_COMPILER_GLOBAL_ACCENT_COLOR_NAME = AccentColor;
				CODE_SIGN_STYLE = Automatic;
				CURRENT_PROJECT_VERSION = 1;
				GENERATE_INFOPLIST_FILE = YES;
				INFOPLIST_FILE = Instagram/Info.plist;
				INFOPLIST_KEY_UIApplicationSupportsIndirectInputEvents = YES;
				INFOPLIST_KEY_UILaunchStoryboardName = LaunchScreen;
				INFOPLIST_KEY_UIMainStoryboardFile = Main;
				INFOPLIST_KEY_UISupportedInterfaceOrientations = UIInterfaceOrientationPortrait;
				INFOPLIST_KEY_UISupportedInterfaceOrientations_iPad = "UIInterfaceOrientationPortrait UIInterfaceOrientationPortraitUpsideDown UIInterfaceOrientationLandscapeLeft UIInterfaceOrientationLandscapeRight";
				INFOPLIST_KEY_UISupportedInterfaceOrientations_iPhone = "UIInterfaceOrientationPortrait UIInterfaceOrientationLandscapeLeft UIInterfaceOrientationLandscapeRight";
				IPHONEOS_DEPLOYMENT_TARGET = 15.2;
				LD_RUNPATH_SEARCH_PATHS = (
					"$(inherited)",
					"@executable_path/Frameworks",
				);
				MARKETING_VERSION = 1.0;
				PRODUCT_BUNDLE_IDENTIFIER = None.Instagram;
				PRODUCT_NAME = "$(TARGET_NAME)";
				SWIFT_EMIT_LOC_STRINGS = YES;
				SWIFT_VERSION = 5.0;
				TARGETED_DEVICE_FAMILY = "1,2";
			};
			name = Debug;
		};
		61F3BAE9278BCE5E00D6DBD1 /* Release */ = {
			isa = XCBuildConfiguration;
			baseConfigurationReference = 54256CA369CCB1B430A16B6F /* Pods-Instagram.release.xcconfig */;
			buildSettings = {
				ASSETCATALOG_COMPILER_APPICON_NAME = AppIcon;
				ASSETCATALOG_COMPILER_GLOBAL_ACCENT_COLOR_NAME = AccentColor;
				CODE_SIGN_STYLE = Automatic;
				CURRENT_PROJECT_VERSION = 1;
				GENERATE_INFOPLIST_FILE = YES;
				INFOPLIST_FILE = Instagram/Info.plist;
				INFOPLIST_KEY_UIApplicationSupportsIndirectInputEvents = YES;
				INFOPLIST_KEY_UILaunchStoryboardName = LaunchScreen;
				INFOPLIST_KEY_UIMainStoryboardFile = Main;
				INFOPLIST_KEY_UISupportedInterfaceOrientations = UIInterfaceOrientationPortrait;
				INFOPLIST_KEY_UISupportedInterfaceOrientations_iPad = "UIInterfaceOrientationPortrait UIInterfaceOrientationPortraitUpsideDown UIInterfaceOrientationLandscapeLeft UIInterfaceOrientationLandscapeRight";
				INFOPLIST_KEY_UISupportedInterfaceOrientations_iPhone = "UIInterfaceOrientationPortrait UIInterfaceOrientationLandscapeLeft UIInterfaceOrientationLandscapeRight";
				IPHONEOS_DEPLOYMENT_TARGET = 15.2;
				LD_RUNPATH_SEARCH_PATHS = (
					"$(inherited)",
					"@executable_path/Frameworks",
				);
				MARKETING_VERSION = 1.0;
				PRODUCT_BUNDLE_IDENTIFIER = None.Instagram;
				PRODUCT_NAME = "$(TARGET_NAME)";
				SWIFT_EMIT_LOC_STRINGS = YES;
				SWIFT_VERSION = 5.0;
				TARGETED_DEVICE_FAMILY = "1,2";
			};
			name = Release;
		};
		61F3BAEB278BCE5E00D6DBD1 /* Debug */ = {
			isa = XCBuildConfiguration;
			baseConfigurationReference = F3F5564960C8A7AFDE53064F /* Pods-InstagramTests.debug.xcconfig */;
			buildSettings = {
				ALWAYS_EMBED_SWIFT_STANDARD_LIBRARIES = YES;
				BUNDLE_LOADER = "$(TEST_HOST)";
				CODE_SIGN_STYLE = Automatic;
				CURRENT_PROJECT_VERSION = 1;
				GENERATE_INFOPLIST_FILE = YES;
				IPHONEOS_DEPLOYMENT_TARGET = 15.2;
				MARKETING_VERSION = 1.0;
				PRODUCT_BUNDLE_IDENTIFIER = None.InstagramTests;
				PRODUCT_NAME = "$(TARGET_NAME)";
				SWIFT_EMIT_LOC_STRINGS = NO;
				SWIFT_VERSION = 5.0;
				TARGETED_DEVICE_FAMILY = "1,2";
				TEST_HOST = "$(BUILT_PRODUCTS_DIR)/Instagram.app/Instagram";
			};
			name = Debug;
		};
		61F3BAEC278BCE5E00D6DBD1 /* Release */ = {
			isa = XCBuildConfiguration;
			baseConfigurationReference = B97E65F719848CEBB394FB89 /* Pods-InstagramTests.release.xcconfig */;
			buildSettings = {
				ALWAYS_EMBED_SWIFT_STANDARD_LIBRARIES = YES;
				BUNDLE_LOADER = "$(TEST_HOST)";
				CODE_SIGN_STYLE = Automatic;
				CURRENT_PROJECT_VERSION = 1;
				GENERATE_INFOPLIST_FILE = YES;
				IPHONEOS_DEPLOYMENT_TARGET = 15.2;
				MARKETING_VERSION = 1.0;
				PRODUCT_BUNDLE_IDENTIFIER = None.InstagramTests;
				PRODUCT_NAME = "$(TARGET_NAME)";
				SWIFT_EMIT_LOC_STRINGS = NO;
				SWIFT_VERSION = 5.0;
				TARGETED_DEVICE_FAMILY = "1,2";
				TEST_HOST = "$(BUILT_PRODUCTS_DIR)/Instagram.app/Instagram";
			};
			name = Release;
		};
		61F3BAEE278BCE5E00D6DBD1 /* Debug */ = {
			isa = XCBuildConfiguration;
			baseConfigurationReference = BE5B539EDE9476B30AB44974 /* Pods-Instagram-InstagramUITests.debug.xcconfig */;
			buildSettings = {
				ALWAYS_EMBED_SWIFT_STANDARD_LIBRARIES = YES;
				CODE_SIGN_STYLE = Automatic;
				CURRENT_PROJECT_VERSION = 1;
				GENERATE_INFOPLIST_FILE = YES;
				MARKETING_VERSION = 1.0;
				PRODUCT_BUNDLE_IDENTIFIER = None.InstagramUITests;
				PRODUCT_NAME = "$(TARGET_NAME)";
				SWIFT_EMIT_LOC_STRINGS = NO;
				SWIFT_VERSION = 5.0;
				TARGETED_DEVICE_FAMILY = "1,2";
				TEST_TARGET_NAME = Instagram;
			};
			name = Debug;
		};
		61F3BAEF278BCE5E00D6DBD1 /* Release */ = {
			isa = XCBuildConfiguration;
			baseConfigurationReference = DA21713CBAD1C03766E749AC /* Pods-Instagram-InstagramUITests.release.xcconfig */;
			buildSettings = {
				ALWAYS_EMBED_SWIFT_STANDARD_LIBRARIES = YES;
				CODE_SIGN_STYLE = Automatic;
				CURRENT_PROJECT_VERSION = 1;
				GENERATE_INFOPLIST_FILE = YES;
				MARKETING_VERSION = 1.0;
				PRODUCT_BUNDLE_IDENTIFIER = None.InstagramUITests;
				PRODUCT_NAME = "$(TARGET_NAME)";
				SWIFT_EMIT_LOC_STRINGS = NO;
				SWIFT_VERSION = 5.0;
				TARGETED_DEVICE_FAMILY = "1,2";
				TEST_TARGET_NAME = Instagram;
			};
			name = Release;
		};
/* End XCBuildConfiguration section */

/* Begin XCConfigurationList section */
		61F3BAB8278BCE5B00D6DBD1 /* Build configuration list for PBXProject "Instagram" */ = {
			isa = XCConfigurationList;
			buildConfigurations = (
				61F3BAE5278BCE5E00D6DBD1 /* Debug */,
				61F3BAE6278BCE5E00D6DBD1 /* Release */,
			);
			defaultConfigurationIsVisible = 0;
			defaultConfigurationName = Release;
		};
		61F3BAE7278BCE5E00D6DBD1 /* Build configuration list for PBXNativeTarget "Instagram" */ = {
			isa = XCConfigurationList;
			buildConfigurations = (
				61F3BAE8278BCE5E00D6DBD1 /* Debug */,
				61F3BAE9278BCE5E00D6DBD1 /* Release */,
			);
			defaultConfigurationIsVisible = 0;
			defaultConfigurationName = Release;
		};
		61F3BAEA278BCE5E00D6DBD1 /* Build configuration list for PBXNativeTarget "InstagramTests" */ = {
			isa = XCConfigurationList;
			buildConfigurations = (
				61F3BAEB278BCE5E00D6DBD1 /* Debug */,
				61F3BAEC278BCE5E00D6DBD1 /* Release */,
			);
			defaultConfigurationIsVisible = 0;
			defaultConfigurationName = Release;
		};
		61F3BAED278BCE5E00D6DBD1 /* Build configuration list for PBXNativeTarget "InstagramUITests" */ = {
			isa = XCConfigurationList;
			buildConfigurations = (
				61F3BAEE278BCE5E00D6DBD1 /* Debug */,
				61F3BAEF278BCE5E00D6DBD1 /* Release */,
			);
			defaultConfigurationIsVisible = 0;
			defaultConfigurationName = Release;
		};
/* End XCConfigurationList section */
	};
	rootObject = 61F3BAB5278BCE5B00D6DBD1 /* Project object */;
}
